// !$*UTF8*$!
{
	archiveVersion = 1;
	classes = {
	};
	objectVersion = 50;
	objects = {

/* Begin PBXBuildFile section */
		FFED39CC24C722DE003834B8 /* AppDelegate.swift in Sources */ = {isa = PBXBuildFile; fileRef = FFED39CB24C722DE003834B8 /* AppDelegate.swift */; };
		FFED39CE24C722DE003834B8 /* SceneDelegate.swift in Sources */ = {isa = PBXBuildFile; fileRef = FFED39CD24C722DE003834B8 /* SceneDelegate.swift */; };
		FFED39D024C722DE003834B8 /* ViewController.swift in Sources */ = {isa = PBXBuildFile; fileRef = FFED39CF24C722DE003834B8 /* ViewController.swift */; };
		FFED39D324C722DE003834B8 /* Main.storyboard in Resources */ = {isa = PBXBuildFile; fileRef = FFED39D124C722DE003834B8 /* Main.storyboard */; };
		FFED39D524C722E0003834B8 /* Assets.xcassets in Resources */ = {isa = PBXBuildFile; fileRef = FFED39D424C722E0003834B8 /* Assets.xcassets */; };
		FFED39D824C722E0003834B8 /* LaunchScreen.storyboard in Resources */ = {isa = PBXBuildFile; fileRef = FFED39D624C722E0003834B8 /* LaunchScreen.storyboard */; };
/* End PBXBuildFile section */

/* Begin PBXFileReference section */
		FFED39C824C722DE003834B8 /* zappy.app */ = {isa = PBXFileReference; explicitFileType = wrapper.application; includeInIndex = 0; path = zappy.app; sourceTree = BUILT_PRODUCTS_DIR; };
		FFED39CB24C722DE003834B8 /* AppDelegate.swift */ = {isa = PBXFileReference; lastKnownFileType = sourcecode.swift; path = AppDelegate.swift; sourceTree = "<group>"; };
		FFED39CD24C722DE003834B8 /* SceneDelegate.swift */ = {isa = PBXFileReference; lastKnownFileType = sourcecode.swift; path = SceneDelegate.swift; sourceTree = "<group>"; };
		FFED39CF24C722DE003834B8 /* ViewController.swift */ = {isa = PBXFileReference; lastKnownFileType = sourcecode.swift; path = ViewController.swift; sourceTree = "<group>"; };
		FFED39D224C722DE003834B8 /* Base */ = {isa = PBXFileReference; lastKnownFileType = file.storyboard; name = Base; path = Base.lproj/Main.storyboard; sourceTree = "<group>"; };
		FFED39D424C722E0003834B8 /* Assets.xcassets */ = {isa = PBXFileReference; lastKnownFileType = folder.assetcatalog; path = Assets.xcassets; sourceTree = "<group>"; };
		FFED39D724C722E0003834B8 /* Base */ = {isa = PBXFileReference; lastKnownFileType = file.storyboard; name = Base; path = Base.lproj/LaunchScreen.storyboard; sourceTree = "<group>"; };
		FFED39D924C722E0003834B8 /* Info.plist */ = {isa = PBXFileReference; lastKnownFileType = text.plist.xml; path = Info.plist; sourceTree = "<group>"; };
/* End PBXFileReference section */

/* Begin PBXFrameworksBuildPhase section */
		FFED39C524C722DE003834B8 /* Frameworks */ = {
			isa = PBXFrameworksBuildPhase;
			buildActionMask = 2147483647;
			files = (
			);
			runOnlyForDeploymentPostprocessing = 0;
		};
/* End PBXFrameworksBuildPhase section */

/* Begin PBXGroup section */
		FFE4164924C993D000675C87 /* Controllers */ = {
			isa = PBXGroup;
			children = (
				FFED39CF24C722DE003834B8 /* ViewController.swift */,
			);
			path = Controllers;
			sourceTree = "<group>";
		};
		FFE4164A24C993EA00675C87 /* Views */ = {
			isa = PBXGroup;
			children = (
				FFED39D124C722DE003834B8 /* Main.storyboard */,
			);
			path = Views;
			sourceTree = "<group>";
		};
		FFE4164B24C9940100675C87 /* Models */ = {
			isa = PBXGroup;
			children = (
			);
			path = Models;
			sourceTree = "<group>";
		};
		FFE4164C24C9942500675C87 /* Application */ = {
			isa = PBXGroup;
			children = (
				FFED39CB24C722DE003834B8 /* AppDelegate.swift */,
				FFED39CD24C722DE003834B8 /* SceneDelegate.swift */,
				FFED39D624C722E0003834B8 /* LaunchScreen.storyboard */,
				FFED39D924C722E0003834B8 /* Info.plist */,
			);
			name = Application;
			sourceTree = "<group>";
		};
		FFED39BF24C722DE003834B8 = {
			isa = PBXGroup;
			children = (
				FFED39CA24C722DE003834B8 /* zappy */,
				FFED39C924C722DE003834B8 /* Products */,
			);
			sourceTree = "<group>";
		};
		FFED39C924C722DE003834B8 /* Products */ = {
			isa = PBXGroup;
			children = (
				FFED39C824C722DE003834B8 /* zappy.app */,
			);
			name = Products;
			sourceTree = "<group>";
		};
		FFED39CA24C722DE003834B8 /* zappy */ = {
			isa = PBXGroup;
			children = (
				FFE4164924C993D000675C87 /* Controllers */,
				FFE4164A24C993EA00675C87 /* Views */,
				FFE4164B24C9940100675C87 /* Models */,
				FFE4164C24C9942500675C87 /* Application */,
				FFED39D424C722E0003834B8 /* Assets.xcassets */,
			);
			path = zappy;
			sourceTree = "<group>";
		};
/* End PBXGroup section */

/* Begin PBXNativeTarget section */
		FFED39C724C722DE003834B8 /* zappy */ = {
			isa = PBXNativeTarget;
			buildConfigurationList = FFED39DC24C722E0003834B8 /* Build configuration list for PBXNativeTarget "zappy" */;
			buildPhases = (
				FFED39C424C722DE003834B8 /* Sources */,
				FFED39C524C722DE003834B8 /* Frameworks */,
				FFED39C624C722DE003834B8 /* Resources */,
			);
			buildRules = (
			);
			dependencies = (
			);
			name = zappy;
			productName = zappy;
			productReference = FFED39C824C722DE003834B8 /* zappy.app */;
			productType = "com.apple.product-type.application";
		};
/* End PBXNativeTarget section */

/* Begin PBXProject section */
		FFED39C024C722DE003834B8 /* Project object */ = {
			isa = PBXProject;
			attributes = {
				LastSwiftUpdateCheck = 1160;
				LastUpgradeCheck = 1160;
				ORGANIZATIONNAME = "Joh Robbins";
				TargetAttributes = {
					FFED39C724C722DE003834B8 = {
						CreatedOnToolsVersion = 11.6;
					};
				};
			};
			buildConfigurationList = FFED39C324C722DE003834B8 /* Build configuration list for PBXProject "zappy" */;
			compatibilityVersion = "Xcode 9.3";
			developmentRegion = en;
			hasScannedForEncodings = 0;
			knownRegions = (
				en,
				Base,
			);
			mainGroup = FFED39BF24C722DE003834B8;
			productRefGroup = FFED39C924C722DE003834B8 /* Products */;
			projectDirPath = "";
			projectRoot = "";
			targets = (
				FFED39C724C722DE003834B8 /* zappy */,
			);
		};
/* End PBXProject section */

/* Begin PBXResourcesBuildPhase section */
		FFED39C624C722DE003834B8 /* Resources */ = {
			isa = PBXResourcesBuildPhase;
			buildActionMask = 2147483647;
			files = (
				FFED39D824C722E0003834B8 /* LaunchScreen.storyboard in Resources */,
				FFED39D524C722E0003834B8 /* Assets.xcassets in Resources */,
				FFED39D324C722DE003834B8 /* Main.storyboard in Resources */,
			);
			runOnlyForDeploymentPostprocessing = 0;
		};
/* End PBXResourcesBuildPhase section */

/* Begin PBXSourcesBuildPhase section */
		FFED39C424C722DE003834B8 /* Sources */ = {
			isa = PBXSourcesBuildPhase;
			buildActionMask = 2147483647;
			files = (
				FFED39D024C722DE003834B8 /* ViewController.swift in Sources */,
				FFED39CC24C722DE003834B8 /* AppDelegate.swift in Sources */,
				FFED39CE24C722DE003834B8 /* SceneDelegate.swift in Sources */,
			);
			runOnlyForDeploymentPostprocessing = 0;
		};
/* End PBXSourcesBuildPhase section */

/* Begin PBXVariantGroup section */
		FFED39D124C722DE003834B8 /* Main.storyboard */ = {
			isa = PBXVariantGroup;
			children = (
				FFED39D224C722DE003834B8 /* Base */,
			);
			name = Main.storyboard;
			sourceTree = "<group>";
		};
		FFED39D624C722E0003834B8 /* LaunchScreen.storyboard */ = {
			isa = PBXVariantGroup;
			children = (
				FFED39D724C722E0003834B8 /* Base */,
			);
			name = LaunchScreen.storyboard;
			sourceTree = "<group>";
		};
/* End PBXVariantGroup section */

/* Begin XCBuildConfiguration section */
		FFED39DA24C722E0003834B8 /* Debug */ = {
			isa = XCBuildConfiguration;
			buildSettings = {
				ALWAYS_SEARCH_USER_PATHS = NO;
				CLANG_ANALYZER_NONNULL = YES;
				CLANG_ANALYZER_NUMBER_OBJECT_CONVERSION = YES_AGGRESSIVE;
				CLANG_CXX_LANGUAGE_STANDARD = "gnu++14";
				CLANG_CXX_LIBRARY = "libc++";
				CLANG_ENABLE_MODULES = YES;
				CLANG_ENABLE_OBJC_ARC = YES;
				CLANG_ENABLE_OBJC_WEAK = YES;
				CLANG_WARN_BLOCK_CAPTURE_AUTORELEASING = YES;
				CLANG_WARN_BOOL_CONVERSION = YES;
				CLANG_WARN_COMMA = YES;
				CLANG_WARN_CONSTANT_CONVERSION = YES;
				CLANG_WARN_DEPRECATED_OBJC_IMPLEMENTATIONS = YES;
				CLANG_WARN_DIRECT_OBJC_ISA_USAGE = YES_ERROR;
				CLANG_WARN_DOCUMENTATION_COMMENTS = YES;
				CLANG_WARN_EMPTY_BODY = YES;
				CLANG_WARN_ENUM_CONVERSION = YES;
				CLANG_WARN_INFINITE_RECURSION = YES;
				CLANG_WARN_INT_CONVERSION = YES;
				CLANG_WARN_NON_LITERAL_NULL_CONVERSION = YES;
				CLANG_WARN_OBJC_IMPLICIT_RETAIN_SELF = YES;
				CLANG_WARN_OBJC_LITERAL_CONVERSION = YES;
				CLANG_WARN_OBJC_ROOT_CLASS = YES_ERROR;
				CLANG_WARN_RANGE_LOOP_ANALYSIS = YES;
				CLANG_WARN_STRICT_PROTOTYPES = YES;
				CLANG_WARN_SUSPICIOUS_MOVE = YES;
				CLANG_WARN_UNGUARDED_AVAILABILITY = YES_AGGRESSIVE;
				CLANG_WARN_UNREACHABLE_CODE = YES;
				CLANG_WARN__DUPLICATE_METHOD_MATCH = YES;
				COPY_PHASE_STRIP = NO;
				DEBUG_INFORMATION_FORMAT = dwarf;
				ENABLE_STRICT_OBJC_MSGSEND = YES;
				ENABLE_TESTABILITY = YES;
				GCC_C_LANGUAGE_STANDARD = gnu11;
				GCC_DYNAMIC_NO_PIC = NO;
				GCC_NO_COMMON_BLOCKS = YES;
				GCC_OPTIMIZATION_LEVEL = 0;
				GCC_PREPROCESSOR_DEFINITIONS = (
					"DEBUG=1",
					"$(inherited)",
				);
				GCC_WARN_64_TO_32_BIT_CONVERSION = YES;
				GCC_WARN_ABOUT_RETURN_TYPE = YES_ERROR;
				GCC_WARN_UNDECLARED_SELECTOR = YES;
				GCC_WARN_UNINITIALIZED_AUTOS = YES_AGGRESSIVE;
				GCC_WARN_UNUSED_FUNCTION = YES;
				GCC_WARN_UNUSED_VARIABLE = YES;
				IPHONEOS_DEPLOYMENT_TARGET = 13.6;
				MTL_ENABLE_DEBUG_INFO = INCLUDE_SOURCE;
				MTL_FAST_MATH = YES;
				ONLY_ACTIVE_ARCH = YES;
				SDKROOT = iphoneos;
				SWIFT_ACTIVE_COMPILATION_CONDITIONS = DEBUG;
				SWIFT_OPTIMIZATION_LEVEL = "-Onone";
			};
			name = Debug;
		};
		FFED39DB24C722E0003834B8 /* Release */ = {
			isa = XCBuildConfiguration;
			buildSettings = {
				ALWAYS_SEARCH_USER_PATHS = NO;
				CLANG_ANALYZER_NONNULL = YES;
				CLANG_ANALYZER_NUMBER_OBJECT_CONVERSION = YES_AGGRESSIVE;
				CLANG_CXX_LANGUAGE_STANDARD = "gnu++14";
				CLANG_CXX_LIBRARY = "libc++";
				CLANG_ENABLE_MODULES = YES;
				CLANG_ENABLE_OBJC_ARC = YES;
				CLANG_ENABLE_OBJC_WEAK = YES;
				CLANG_WARN_BLOCK_CAPTURE_AUTORELEASING = YES;
				CLANG_WARN_BOOL_CONVERSION = YES;
				CLANG_WARN_COMMA = YES;
				CLANG_WARN_CONSTANT_CONVERSION = YES;
				CLANG_WARN_DEPRECATED_OBJC_IMPLEMENTATIONS = YES;
				CLANG_WARN_DIRECT_OBJC_ISA_USAGE = YES_ERROR;
				CLANG_WARN_DOCUMENTATION_COMMENTS = YES;
				CLANG_WARN_EMPTY_BODY = YES;
				CLANG_WARN_ENUM_CONVERSION = YES;
				CLANG_WARN_INFINITE_RECURSION = YES;
				CLANG_WARN_INT_CONVERSION = YES;
				CLANG_WARN_NON_LITERAL_NULL_CONVERSION = YES;
				CLANG_WARN_OBJC_IMPLICIT_RETAIN_SELF = YES;
				CLANG_WARN_OBJC_LITERAL_CONVERSION = YES;
				CLANG_WARN_OBJC_ROOT_CLASS = YES_ERROR;
				CLANG_WARN_RANGE_LOOP_ANALYSIS = YES;
				CLANG_WARN_STRICT_PROTOTYPES = YES;
				CLANG_WARN_SUSPICIOUS_MOVE = YES;
				CLANG_WARN_UNGUARDED_AVAILABILITY = YES_AGGRESSIVE;
				CLANG_WARN_UNREACHABLE_CODE = YES;
				CLANG_WARN__DUPLICATE_METHOD_MATCH = YES;
				COPY_PHASE_STRIP = NO;
				DEBUG_INFORMATION_FORMAT = "dwarf-with-dsym";
				ENABLE_NS_ASSERTIONS = NO;
				ENABLE_STRICT_OBJC_MSGSEND = YES;
				GCC_C_LANGUAGE_STANDARD = gnu11;
				GCC_NO_COMMON_BLOCKS = YES;
				GCC_WARN_64_TO_32_BIT_CONVERSION = YES;
				GCC_WARN_ABOUT_RETURN_TYPE = YES_ERROR;
				GCC_WARN_UNDECLARED_SELECTOR = YES;
				GCC_WARN_UNINITIALIZED_AUTOS = YES_AGGRESSIVE;
				GCC_WARN_UNUSED_FUNCTION = YES;
				GCC_WARN_UNUSED_VARIABLE = YES;
				IPHONEOS_DEPLOYMENT_TARGET = 13.6;
				MTL_ENABLE_DEBUG_INFO = NO;
				MTL_FAST_MATH = YES;
				SDKROOT = iphoneos;
				SWIFT_COMPILATION_MODE = wholemodule;
				SWIFT_OPTIMIZATION_LEVEL = "-O";
				VALIDATE_PRODUCT = YES;
			};
			name = Release;
		};
		FFED39DD24C722E0003834B8 /* Debug */ = {
			isa = XCBuildConfiguration;
			buildSettings = {
				ASSETCATALOG_COMPILER_APPICON_NAME = AppIcon;
				CODE_SIGN_STYLE = Automatic;
				DEVELOPMENT_TEAM = ULMFX45DFV;
				INFOPLIST_FILE = zappy/Info.plist;
				LD_RUNPATH_SEARCH_PATHS = (
					"$(inherited)",
					"@executable_path/Frameworks",
				);
				PRODUCT_BUNDLE_IDENTIFIER = au.com.johrobbins.zappy;
				PRODUCT_NAME = "$(TARGET_NAME)";
				SWIFT_VERSION = 5.0;
				TARGETED_DEVICE_FAMILY = "1,2";
			};
			name = Debug;
		};
		FFED39DE24C722E0003834B8 /* Release */ = {
			isa = XCBuildConfiguration;
			buildSettings = {
				ASSETCATALOG_COMPILER_APPICON_NAME = AppIcon;
				CODE_SIGN_STYLE = Automatic;
				DEVELOPMENT_TEAM = ULMFX45DFV;
				INFOPLIST_FILE = zappy/Info.plist;
				LD_RUNPATH_SEARCH_PATHS = (
					"$(inherited)",
					"@executable_path/Frameworks",
				);
				PRODUCT_BUNDLE_IDENTIFIER = au.com.johrobbins.zappy;
				PRODUCT_NAME = "$(TARGET_NAME)";
				SWIFT_VERSION = 5.0;
				TARGETED_DEVICE_FAMILY = "1,2";
			};
			name = Release;
		};
/* End XCBuildConfiguration section */

/* Begin XCConfigurationList section */
		FFED39C324C722DE003834B8 /* Build configuration list for PBXProject "zappy" */ = {
			isa = XCConfigurationList;
			buildConfigurations = (
				FFED39DA24C722E0003834B8 /* Debug */,
				FFED39DB24C722E0003834B8 /* Release */,
			);
			defaultConfigurationIsVisible = 0;
			defaultConfigurationName = Release;
		};
		FFED39DC24C722E0003834B8 /* Build configuration list for PBXNativeTarget "zappy" */ = {
			isa = XCConfigurationList;
			buildConfigurations = (
				FFED39DD24C722E0003834B8 /* Debug */,
				FFED39DE24C722E0003834B8 /* Release */,
			);
			defaultConfigurationIsVisible = 0;
			defaultConfigurationName = Release;
		};
/* End XCConfigurationList section */
	};
	rootObject = FFED39C024C722DE003834B8 /* Project object */;
}
